// !$*UTF8*$!
{
	archiveVersion = 1;
	classes = {
	};
	objectVersion = 50;
	objects = {

/* Begin PBXBuildFile section */
		990A23C02570378200B12628 /* TimerViewModel.swift in Sources */ = {isa = PBXBuildFile; fileRef = 990A23BF2570378200B12628 /* TimerViewModel.swift */; };
		990A23C425703A6C00B12628 /* TimerView.swift in Sources */ = {isa = PBXBuildFile; fileRef = 990A23C325703A6C00B12628 /* TimerView.swift */; };
		990A23C82571ACF600B12628 /* ScoreView.swift in Sources */ = {isa = PBXBuildFile; fileRef = 990A23C72571ACF600B12628 /* ScoreView.swift */; };
		9964B0932576798800017545 /* GameState.swift in Sources */ = {isa = PBXBuildFile; fileRef = 9964B0922576798800017545 /* GameState.swift */; };
		9964B09725767AC200017545 /* PlayGameView.swift in Sources */ = {isa = PBXBuildFile; fileRef = 9964B09625767AC200017545 /* PlayGameView.swift */; };
		99B0D9CF2579066D009952EB /* CountryView.swift in Sources */ = {isa = PBXBuildFile; fileRef = 99B0D9CE2579066D009952EB /* CountryView.swift */; };
		99D29259255C21D30017B7CC /* AppDelegate.swift in Sources */ = {isa = PBXBuildFile; fileRef = 99D29258255C21D30017B7CC /* AppDelegate.swift */; };
		99D2925B255C21D30017B7CC /* SceneDelegate.swift in Sources */ = {isa = PBXBuildFile; fileRef = 99D2925A255C21D30017B7CC /* SceneDelegate.swift */; };
		99D2925D255C21D30017B7CC /* ContentView.swift in Sources */ = {isa = PBXBuildFile; fileRef = 99D2925C255C21D30017B7CC /* ContentView.swift */; };
		99D2925F255C21D60017B7CC /* Assets.xcassets in Resources */ = {isa = PBXBuildFile; fileRef = 99D2925E255C21D60017B7CC /* Assets.xcassets */; };
		99D29262255C21D60017B7CC /* Preview Assets.xcassets in Resources */ = {isa = PBXBuildFile; fileRef = 99D29261255C21D60017B7CC /* Preview Assets.xcassets */; };
		99D29265255C21D60017B7CC /* LaunchScreen.storyboard in Resources */ = {isa = PBXBuildFile; fileRef = 99D29263255C21D60017B7CC /* LaunchScreen.storyboard */; };
		99D29270255C21D60017B7CC /* CombineAndSwiftUITests.swift in Sources */ = {isa = PBXBuildFile; fileRef = 99D2926F255C21D60017B7CC /* CombineAndSwiftUITests.swift */; };
		99D2927B255C21D60017B7CC /* CombineAndSwiftUIUITests.swift in Sources */ = {isa = PBXBuildFile; fileRef = 99D2927A255C21D60017B7CC /* CombineAndSwiftUIUITests.swift */; };
		99D2929D255C250C0017B7CC /* NetworkManager.swift in Sources */ = {isa = PBXBuildFile; fileRef = 99D2929C255C250C0017B7CC /* NetworkManager.swift */; };
		99D292A1255C27790017B7CC /* Countries.swift in Sources */ = {isa = PBXBuildFile; fileRef = 99D292A0255C27790017B7CC /* Countries.swift */; };
		99D292A6255C38780017B7CC /* CountryError.swift in Sources */ = {isa = PBXBuildFile; fileRef = 99D292A5255C38780017B7CC /* CountryError.swift */; };
		99D292AB255C53E10017B7CC /* CountryViewModel.swift in Sources */ = {isa = PBXBuildFile; fileRef = 99D292AA255C53E10017B7CC /* CountryViewModel.swift */; };
		99D3B8522562B91B00DCAA80 /* Capital.swift in Sources */ = {isa = PBXBuildFile; fileRef = 99D3B8512562B91B00DCAA80 /* Capital.swift */; };
		99D3B8572562B9C800DCAA80 /* CapitalRow.swift in Sources */ = {isa = PBXBuildFile; fileRef = 99D3B8562562B9C800DCAA80 /* CapitalRow.swift */; };
		99D3B85D2562BE2C00DCAA80 /* GameView.swift in Sources */ = {isa = PBXBuildFile; fileRef = 99D3B85C2562BE2C00DCAA80 /* GameView.swift */; };
		99D3B86D2562D76300DCAA80 /* ScoreViewModel.swift in Sources */ = {isa = PBXBuildFile; fileRef = 99D3B86C2562D76300DCAA80 /* ScoreViewModel.swift */; };
		99D3B8752562E5FD00DCAA80 /* CounterViewModel.swift in Sources */ = {isa = PBXBuildFile; fileRef = 99D3B8742562E5FD00DCAA80 /* CounterViewModel.swift */; };
/* End PBXBuildFile section */

/* Begin PBXContainerItemProxy section */
		99D2926C255C21D60017B7CC /* PBXContainerItemProxy */ = {
			isa = PBXContainerItemProxy;
			containerPortal = 99D2924D255C21D30017B7CC /* Project object */;
			proxyType = 1;
			remoteGlobalIDString = 99D29254255C21D30017B7CC;
			remoteInfo = CombineAndSwiftUI;
		};
		99D29277255C21D60017B7CC /* PBXContainerItemProxy */ = {
			isa = PBXContainerItemProxy;
			containerPortal = 99D2924D255C21D30017B7CC /* Project object */;
			proxyType = 1;
			remoteGlobalIDString = 99D29254255C21D30017B7CC;
			remoteInfo = CombineAndSwiftUI;
		};
/* End PBXContainerItemProxy section */

/* Begin PBXCopyFilesBuildPhase section */
		99D29298255C22670017B7CC /* Embed Frameworks */ = {
			isa = PBXCopyFilesBuildPhase;
			buildActionMask = 2147483647;
			dstPath = "";
			dstSubfolderSpec = 10;
			files = (
			);
			name = "Embed Frameworks";
			runOnlyForDeploymentPostprocessing = 0;
		};
/* End PBXCopyFilesBuildPhase section */

/* Begin PBXFileReference section */
		990A23BF2570378200B12628 /* TimerViewModel.swift */ = {isa = PBXFileReference; lastKnownFileType = sourcecode.swift; path = TimerViewModel.swift; sourceTree = "<group>"; };
		990A23C325703A6C00B12628 /* TimerView.swift */ = {isa = PBXFileReference; lastKnownFileType = sourcecode.swift; path = TimerView.swift; sourceTree = "<group>"; };
		990A23C72571ACF600B12628 /* ScoreView.swift */ = {isa = PBXFileReference; lastKnownFileType = sourcecode.swift; path = ScoreView.swift; sourceTree = "<group>"; };
		9964B0922576798800017545 /* GameState.swift */ = {isa = PBXFileReference; lastKnownFileType = sourcecode.swift; path = GameState.swift; sourceTree = "<group>"; };
		9964B09625767AC200017545 /* PlayGameView.swift */ = {isa = PBXFileReference; lastKnownFileType = sourcecode.swift; path = PlayGameView.swift; sourceTree = "<group>"; };
		99B0D9CE2579066D009952EB /* CountryView.swift */ = {isa = PBXFileReference; lastKnownFileType = sourcecode.swift; path = CountryView.swift; sourceTree = "<group>"; };
		99D29255255C21D30017B7CC /* CombineAndSwiftUI.app */ = {isa = PBXFileReference; explicitFileType = wrapper.application; includeInIndex = 0; path = CombineAndSwiftUI.app; sourceTree = BUILT_PRODUCTS_DIR; };
		99D29258255C21D30017B7CC /* AppDelegate.swift */ = {isa = PBXFileReference; lastKnownFileType = sourcecode.swift; path = AppDelegate.swift; sourceTree = "<group>"; };
		99D2925A255C21D30017B7CC /* SceneDelegate.swift */ = {isa = PBXFileReference; lastKnownFileType = sourcecode.swift; path = SceneDelegate.swift; sourceTree = "<group>"; };
		99D2925C255C21D30017B7CC /* ContentView.swift */ = {isa = PBXFileReference; lastKnownFileType = sourcecode.swift; path = ContentView.swift; sourceTree = "<group>"; };
		99D2925E255C21D60017B7CC /* Assets.xcassets */ = {isa = PBXFileReference; lastKnownFileType = folder.assetcatalog; path = Assets.xcassets; sourceTree = "<group>"; };
		99D29261255C21D60017B7CC /* Preview Assets.xcassets */ = {isa = PBXFileReference; lastKnownFileType = folder.assetcatalog; path = "Preview Assets.xcassets"; sourceTree = "<group>"; };
		99D29264255C21D60017B7CC /* Base */ = {isa = PBXFileReference; lastKnownFileType = file.storyboard; name = Base; path = Base.lproj/LaunchScreen.storyboard; sourceTree = "<group>"; };
		99D29266255C21D60017B7CC /* Info.plist */ = {isa = PBXFileReference; lastKnownFileType = text.plist.xml; path = Info.plist; sourceTree = "<group>"; };
		99D2926B255C21D60017B7CC /* CombineAndSwiftUITests.xctest */ = {isa = PBXFileReference; explicitFileType = wrapper.cfbundle; includeInIndex = 0; path = CombineAndSwiftUITests.xctest; sourceTree = BUILT_PRODUCTS_DIR; };
		99D2926F255C21D60017B7CC /* CombineAndSwiftUITests.swift */ = {isa = PBXFileReference; lastKnownFileType = sourcecode.swift; path = CombineAndSwiftUITests.swift; sourceTree = "<group>"; };
		99D29271255C21D60017B7CC /* Info.plist */ = {isa = PBXFileReference; lastKnownFileType = text.plist.xml; path = Info.plist; sourceTree = "<group>"; };
		99D29276255C21D60017B7CC /* CombineAndSwiftUIUITests.xctest */ = {isa = PBXFileReference; explicitFileType = wrapper.cfbundle; includeInIndex = 0; path = CombineAndSwiftUIUITests.xctest; sourceTree = BUILT_PRODUCTS_DIR; };
		99D2927A255C21D60017B7CC /* CombineAndSwiftUIUITests.swift */ = {isa = PBXFileReference; lastKnownFileType = sourcecode.swift; path = CombineAndSwiftUIUITests.swift; sourceTree = "<group>"; };
		99D2927C255C21D60017B7CC /* Info.plist */ = {isa = PBXFileReference; lastKnownFileType = text.plist.xml; path = Info.plist; sourceTree = "<group>"; };
		99D2929C255C250C0017B7CC /* NetworkManager.swift */ = {isa = PBXFileReference; lastKnownFileType = sourcecode.swift; path = NetworkManager.swift; sourceTree = "<group>"; };
		99D292A0255C27790017B7CC /* Countries.swift */ = {isa = PBXFileReference; lastKnownFileType = sourcecode.swift; path = Countries.swift; sourceTree = "<group>"; };
		99D292A5255C38780017B7CC /* CountryError.swift */ = {isa = PBXFileReference; lastKnownFileType = sourcecode.swift; path = CountryError.swift; sourceTree = "<group>"; };
		99D292AA255C53E10017B7CC /* CountryViewModel.swift */ = {isa = PBXFileReference; lastKnownFileType = sourcecode.swift; path = CountryViewModel.swift; sourceTree = "<group>"; };
		99D3B8512562B91B00DCAA80 /* Capital.swift */ = {isa = PBXFileReference; lastKnownFileType = sourcecode.swift; path = Capital.swift; sourceTree = "<group>"; };
		99D3B8562562B9C800DCAA80 /* CapitalRow.swift */ = {isa = PBXFileReference; lastKnownFileType = sourcecode.swift; path = CapitalRow.swift; sourceTree = "<group>"; };
		99D3B85C2562BE2C00DCAA80 /* GameView.swift */ = {isa = PBXFileReference; lastKnownFileType = sourcecode.swift; path = GameView.swift; sourceTree = "<group>"; };
		99D3B86C2562D76300DCAA80 /* ScoreViewModel.swift */ = {isa = PBXFileReference; lastKnownFileType = sourcecode.swift; path = ScoreViewModel.swift; sourceTree = "<group>"; };
		99D3B8742562E5FD00DCAA80 /* CounterViewModel.swift */ = {isa = PBXFileReference; lastKnownFileType = sourcecode.swift; path = CounterViewModel.swift; sourceTree = "<group>"; };
/* End PBXFileReference section */

/* Begin PBXFrameworksBuildPhase section */
		99D29252255C21D30017B7CC /* Frameworks */ = {
			isa = PBXFrameworksBuildPhase;
			buildActionMask = 2147483647;
			files = (
			);
			runOnlyForDeploymentPostprocessing = 0;
		};
		99D29268255C21D60017B7CC /* Frameworks */ = {
			isa = PBXFrameworksBuildPhase;
			buildActionMask = 2147483647;
			files = (
			);
			runOnlyForDeploymentPostprocessing = 0;
		};
		99D29273255C21D60017B7CC /* Frameworks */ = {
			isa = PBXFrameworksBuildPhase;
			buildActionMask = 2147483647;
			files = (
			);
			runOnlyForDeploymentPostprocessing = 0;
		};
/* End PBXFrameworksBuildPhase section */

/* Begin PBXGroup section */
		9964B0912576797600017545 /* Enums */ = {
			isa = PBXGroup;
			children = (
				9964B0922576798800017545 /* GameState.swift */,
			);
			path = Enums;
			sourceTree = "<group>";
		};
		99D2924C255C21D30017B7CC = {
			isa = PBXGroup;
			children = (
				9964B0912576797600017545 /* Enums */,
				99D3B8552562B9AE00DCAA80 /* Views */,
				99D292B0255C5DD00017B7CC /* Model */,
				99D292A9255C53C60017B7CC /* ViewModel */,
				99D2929B255C24F40017B7CC /* Networking */,
				99D29257255C21D30017B7CC /* CombineAndSwiftUI */,
				99D2926E255C21D60017B7CC /* CombineAndSwiftUITests */,
				99D29279255C21D60017B7CC /* CombineAndSwiftUIUITests */,
				99D29256255C21D30017B7CC /* Products */,
				99D29295255C22670017B7CC /* Frameworks */,
			);
			sourceTree = "<group>";
		};
		99D29256255C21D30017B7CC /* Products */ = {
			isa = PBXGroup;
			children = (
				99D29255255C21D30017B7CC /* CombineAndSwiftUI.app */,
				99D2926B255C21D60017B7CC /* CombineAndSwiftUITests.xctest */,
				99D29276255C21D60017B7CC /* CombineAndSwiftUIUITests.xctest */,
			);
			name = Products;
			sourceTree = "<group>";
		};
		99D29257255C21D30017B7CC /* CombineAndSwiftUI */ = {
			isa = PBXGroup;
			children = (
				99D29258255C21D30017B7CC /* AppDelegate.swift */,
				99D2925A255C21D30017B7CC /* SceneDelegate.swift */,
				99D2925C255C21D30017B7CC /* ContentView.swift */,
				99D2925E255C21D60017B7CC /* Assets.xcassets */,
				99D29263255C21D60017B7CC /* LaunchScreen.storyboard */,
				99D29266255C21D60017B7CC /* Info.plist */,
				99D29260255C21D60017B7CC /* Preview Content */,
			);
			path = CombineAndSwiftUI;
			sourceTree = "<group>";
		};
		99D29260255C21D60017B7CC /* Preview Content */ = {
			isa = PBXGroup;
			children = (
				99D29261255C21D60017B7CC /* Preview Assets.xcassets */,
			);
			path = "Preview Content";
			sourceTree = "<group>";
		};
		99D2926E255C21D60017B7CC /* CombineAndSwiftUITests */ = {
			isa = PBXGroup;
			children = (
				99D2926F255C21D60017B7CC /* CombineAndSwiftUITests.swift */,
				99D29271255C21D60017B7CC /* Info.plist */,
			);
			path = CombineAndSwiftUITests;
			sourceTree = "<group>";
		};
		99D29279255C21D60017B7CC /* CombineAndSwiftUIUITests */ = {
			isa = PBXGroup;
			children = (
				99D2927A255C21D60017B7CC /* CombineAndSwiftUIUITests.swift */,
				99D2927C255C21D60017B7CC /* Info.plist */,
			);
			path = CombineAndSwiftUIUITests;
			sourceTree = "<group>";
		};
		99D29295255C22670017B7CC /* Frameworks */ = {
			isa = PBXGroup;
			children = (
			);
			name = Frameworks;
			sourceTree = "<group>";
		};
		99D2929B255C24F40017B7CC /* Networking */ = {
			isa = PBXGroup;
			children = (
				99D2929C255C250C0017B7CC /* NetworkManager.swift */,
			);
			path = Networking;
			sourceTree = "<group>";
		};
		99D292A9255C53C60017B7CC /* ViewModel */ = {
			isa = PBXGroup;
			children = (
				99D292AA255C53E10017B7CC /* CountryViewModel.swift */,
				99D3B86C2562D76300DCAA80 /* ScoreViewModel.swift */,
				99D3B8742562E5FD00DCAA80 /* CounterViewModel.swift */,
				990A23BF2570378200B12628 /* TimerViewModel.swift */,
			);
			path = ViewModel;
			sourceTree = "<group>";
		};
		99D292B0255C5DD00017B7CC /* Model */ = {
			isa = PBXGroup;
			children = (
				99D292A0255C27790017B7CC /* Countries.swift */,
				99D292A5255C38780017B7CC /* CountryError.swift */,
				99D3B8512562B91B00DCAA80 /* Capital.swift */,
			);
			path = Model;
			sourceTree = "<group>";
		};
		99D3B8552562B9AE00DCAA80 /* Views */ = {
			isa = PBXGroup;
			children = (
				9964B09625767AC200017545 /* PlayGameView.swift */,
				99D3B85C2562BE2C00DCAA80 /* GameView.swift */,
				99B0D9CE2579066D009952EB /* CountryView.swift */,
				99D3B8562562B9C800DCAA80 /* CapitalRow.swift */,
				990A23C325703A6C00B12628 /* TimerView.swift */,
				990A23C72571ACF600B12628 /* ScoreView.swift */,
			);
			path = Views;
			sourceTree = "<group>";
		};
/* End PBXGroup section */

/* Begin PBXNativeTarget section */
		99D29254255C21D30017B7CC /* CombineAndSwiftUI */ = {
			isa = PBXNativeTarget;
			buildConfigurationList = 99D2927F255C21D60017B7CC /* Build configuration list for PBXNativeTarget "CombineAndSwiftUI" */;
			buildPhases = (
				99D29251255C21D30017B7CC /* Sources */,
				99D29252255C21D30017B7CC /* Frameworks */,
				99D29253255C21D30017B7CC /* Resources */,
				99D29298255C22670017B7CC /* Embed Frameworks */,
			);
			buildRules = (
			);
			dependencies = (
			);
			name = CombineAndSwiftUI;
			productName = CombineAndSwiftUI;
			productReference = 99D29255255C21D30017B7CC /* CombineAndSwiftUI.app */;
			productType = "com.apple.product-type.application";
		};
		99D2926A255C21D60017B7CC /* CombineAndSwiftUITests */ = {
			isa = PBXNativeTarget;
			buildConfigurationList = 99D29282255C21D60017B7CC /* Build configuration list for PBXNativeTarget "CombineAndSwiftUITests" */;
			buildPhases = (
				99D29267255C21D60017B7CC /* Sources */,
				99D29268255C21D60017B7CC /* Frameworks */,
				99D29269255C21D60017B7CC /* Resources */,
			);
			buildRules = (
			);
			dependencies = (
				99D2926D255C21D60017B7CC /* PBXTargetDependency */,
			);
			name = CombineAndSwiftUITests;
			productName = CombineAndSwiftUITests;
			productReference = 99D2926B255C21D60017B7CC /* CombineAndSwiftUITests.xctest */;
			productType = "com.apple.product-type.bundle.unit-test";
		};
		99D29275255C21D60017B7CC /* CombineAndSwiftUIUITests */ = {
			isa = PBXNativeTarget;
			buildConfigurationList = 99D29285255C21D60017B7CC /* Build configuration list for PBXNativeTarget "CombineAndSwiftUIUITests" */;
			buildPhases = (
				99D29272255C21D60017B7CC /* Sources */,
				99D29273255C21D60017B7CC /* Frameworks */,
				99D29274255C21D60017B7CC /* Resources */,
			);
			buildRules = (
			);
			dependencies = (
				99D29278255C21D60017B7CC /* PBXTargetDependency */,
			);
			name = CombineAndSwiftUIUITests;
			productName = CombineAndSwiftUIUITests;
			productReference = 99D29276255C21D60017B7CC /* CombineAndSwiftUIUITests.xctest */;
			productType = "com.apple.product-type.bundle.ui-testing";
		};
/* End PBXNativeTarget section */

/* Begin PBXProject section */
		99D2924D255C21D30017B7CC /* Project object */ = {
			isa = PBXProject;
			attributes = {
				LastSwiftUpdateCheck = 1210;
				LastUpgradeCheck = 1210;
				TargetAttributes = {
					99D29254255C21D30017B7CC = {
						CreatedOnToolsVersion = 12.1;
					};
					99D2926A255C21D60017B7CC = {
						CreatedOnToolsVersion = 12.1;
						TestTargetID = 99D29254255C21D30017B7CC;
					};
					99D29275255C21D60017B7CC = {
						CreatedOnToolsVersion = 12.1;
						TestTargetID = 99D29254255C21D30017B7CC;
					};
				};
			};
			buildConfigurationList = 99D29250255C21D30017B7CC /* Build configuration list for PBXProject "CombineAndSwiftUI" */;
			compatibilityVersion = "Xcode 9.3";
			developmentRegion = en;
			hasScannedForEncodings = 0;
			knownRegions = (
				en,
				Base,
			);
			mainGroup = 99D2924C255C21D30017B7CC;
			productRefGroup = 99D29256255C21D30017B7CC /* Products */;
			projectDirPath = "";
			projectRoot = "";
			targets = (
				99D29254255C21D30017B7CC /* CombineAndSwiftUI */,
				99D2926A255C21D60017B7CC /* CombineAndSwiftUITests */,
				99D29275255C21D60017B7CC /* CombineAndSwiftUIUITests */,
			);
		};
/* End PBXProject section */

/* Begin PBXResourcesBuildPhase section */
		99D29253255C21D30017B7CC /* Resources */ = {
			isa = PBXResourcesBuildPhase;
			buildActionMask = 2147483647;
			files = (
				99D29265255C21D60017B7CC /* LaunchScreen.storyboard in Resources */,
				99D29262255C21D60017B7CC /* Preview Assets.xcassets in Resources */,
				99D2925F255C21D60017B7CC /* Assets.xcassets in Resources */,
			);
			runOnlyForDeploymentPostprocessing = 0;
		};
		99D29269255C21D60017B7CC /* Resources */ = {
			isa = PBXResourcesBuildPhase;
			buildActionMask = 2147483647;
			files = (
			);
			runOnlyForDeploymentPostprocessing = 0;
		};
		99D29274255C21D60017B7CC /* Resources */ = {
			isa = PBXResourcesBuildPhase;
			buildActionMask = 2147483647;
			files = (
			);
			runOnlyForDeploymentPostprocessing = 0;
		};
/* End PBXResourcesBuildPhase section */

/* Begin PBXSourcesBuildPhase section */
		99D29251255C21D30017B7CC /* Sources */ = {
			isa = PBXSourcesBuildPhase;
			buildActionMask = 2147483647;
			files = (
				990A23C425703A6C00B12628 /* TimerView.swift in Sources */,
				9964B09725767AC200017545 /* PlayGameView.swift in Sources */,
				99D2929D255C250C0017B7CC /* NetworkManager.swift in Sources */,
				99B0D9CF2579066D009952EB /* CountryView.swift in Sources */,
				99D29259255C21D30017B7CC /* AppDelegate.swift in Sources */,
				99D3B8752562E5FD00DCAA80 /* CounterViewModel.swift in Sources */,
				990A23C02570378200B12628 /* TimerViewModel.swift in Sources */,
				9964B0932576798800017545 /* GameState.swift in Sources */,
				99D2925B255C21D30017B7CC /* SceneDelegate.swift in Sources */,
				99D3B86D2562D76300DCAA80 /* ScoreViewModel.swift in Sources */,
				99D3B8572562B9C800DCAA80 /* CapitalRow.swift in Sources */,
				99D3B85D2562BE2C00DCAA80 /* GameView.swift in Sources */,
				99D292A1255C27790017B7CC /* Countries.swift in Sources */,
				99D2925D255C21D30017B7CC /* ContentView.swift in Sources */,
				99D292AB255C53E10017B7CC /* CountryViewModel.swift in Sources */,
				99D3B8522562B91B00DCAA80 /* Capital.swift in Sources */,
				99D292A6255C38780017B7CC /* CountryError.swift in Sources */,
				990A23C82571ACF600B12628 /* ScoreView.swift in Sources */,
			);
			runOnlyForDeploymentPostprocessing = 0;
		};
		99D29267255C21D60017B7CC /* Sources */ = {
			isa = PBXSourcesBuildPhase;
			buildActionMask = 2147483647;
			files = (
				99D29270255C21D60017B7CC /* CombineAndSwiftUITests.swift in Sources */,
			);
			runOnlyForDeploymentPostprocessing = 0;
		};
		99D29272255C21D60017B7CC /* Sources */ = {
			isa = PBXSourcesBuildPhase;
			buildActionMask = 2147483647;
			files = (
				99D2927B255C21D60017B7CC /* CombineAndSwiftUIUITests.swift in Sources */,
			);
			runOnlyForDeploymentPostprocessing = 0;
		};
/* End PBXSourcesBuildPhase section */

/* Begin PBXTargetDependency section */
		99D2926D255C21D60017B7CC /* PBXTargetDependency */ = {
			isa = PBXTargetDependency;
			target = 99D29254255C21D30017B7CC /* CombineAndSwiftUI */;
			targetProxy = 99D2926C255C21D60017B7CC /* PBXContainerItemProxy */;
		};
		99D29278255C21D60017B7CC /* PBXTargetDependency */ = {
			isa = PBXTargetDependency;
			target = 99D29254255C21D30017B7CC /* CombineAndSwiftUI */;
			targetProxy = 99D29277255C21D60017B7CC /* PBXContainerItemProxy */;
		};
/* End PBXTargetDependency section */

/* Begin PBXVariantGroup section */
		99D29263255C21D60017B7CC /* LaunchScreen.storyboard */ = {
			isa = PBXVariantGroup;
			children = (
				99D29264255C21D60017B7CC /* Base */,
			);
			name = LaunchScreen.storyboard;
			sourceTree = "<group>";
		};
/* End PBXVariantGroup section */

/* Begin XCBuildConfiguration section */
		99D2927D255C21D60017B7CC /* Debug */ = {
			isa = XCBuildConfiguration;
			buildSettings = {
				ALWAYS_SEARCH_USER_PATHS = NO;
				CLANG_ANALYZER_NONNULL = YES;
				CLANG_ANALYZER_NUMBER_OBJECT_CONVERSION = YES_AGGRESSIVE;
				CLANG_CXX_LANGUAGE_STANDARD = "gnu++14";
				CLANG_CXX_LIBRARY = "libc++";
				CLANG_ENABLE_MODULES = YES;
				CLANG_ENABLE_OBJC_ARC = YES;
				CLANG_ENABLE_OBJC_WEAK = YES;
				CLANG_WARN_BLOCK_CAPTURE_AUTORELEASING = YES;
				CLANG_WARN_BOOL_CONVERSION = YES;
				CLANG_WARN_COMMA = YES;
				CLANG_WARN_CONSTANT_CONVERSION = YES;
				CLANG_WARN_DEPRECATED_OBJC_IMPLEMENTATIONS = YES;
				CLANG_WARN_DIRECT_OBJC_ISA_USAGE = YES_ERROR;
				CLANG_WARN_DOCUMENTATION_COMMENTS = YES;
				CLANG_WARN_EMPTY_BODY = YES;
				CLANG_WARN_ENUM_CONVERSION = YES;
				CLANG_WARN_INFINITE_RECURSION = YES;
				CLANG_WARN_INT_CONVERSION = YES;
				CLANG_WARN_NON_LITERAL_NULL_CONVERSION = YES;
				CLANG_WARN_OBJC_IMPLICIT_RETAIN_SELF = YES;
				CLANG_WARN_OBJC_LITERAL_CONVERSION = YES;
				CLANG_WARN_OBJC_ROOT_CLASS = YES_ERROR;
				CLANG_WARN_QUOTED_INCLUDE_IN_FRAMEWORK_HEADER = YES;
				CLANG_WARN_RANGE_LOOP_ANALYSIS = YES;
				CLANG_WARN_STRICT_PROTOTYPES = YES;
				CLANG_WARN_SUSPICIOUS_MOVE = YES;
				CLANG_WARN_UNGUARDED_AVAILABILITY = YES_AGGRESSIVE;
				CLANG_WARN_UNREACHABLE_CODE = YES;
				CLANG_WARN__DUPLICATE_METHOD_MATCH = YES;
				COPY_PHASE_STRIP = NO;
				DEBUG_INFORMATION_FORMAT = dwarf;
				ENABLE_STRICT_OBJC_MSGSEND = YES;
				ENABLE_TESTABILITY = YES;
				GCC_C_LANGUAGE_STANDARD = gnu11;
				GCC_DYNAMIC_NO_PIC = NO;
				GCC_NO_COMMON_BLOCKS = YES;
				GCC_OPTIMIZATION_LEVEL = 0;
				GCC_PREPROCESSOR_DEFINITIONS = (
					"DEBUG=1",
					"$(inherited)",
				);
				GCC_WARN_64_TO_32_BIT_CONVERSION = YES;
				GCC_WARN_ABOUT_RETURN_TYPE = YES_ERROR;
				GCC_WARN_UNDECLARED_SELECTOR = YES;
				GCC_WARN_UNINITIALIZED_AUTOS = YES_AGGRESSIVE;
				GCC_WARN_UNUSED_FUNCTION = YES;
				GCC_WARN_UNUSED_VARIABLE = YES;
				IPHONEOS_DEPLOYMENT_TARGET = 14.1;
				MTL_ENABLE_DEBUG_INFO = INCLUDE_SOURCE;
				MTL_FAST_MATH = YES;
				ONLY_ACTIVE_ARCH = YES;
				SDKROOT = iphoneos;
				SWIFT_ACTIVE_COMPILATION_CONDITIONS = DEBUG;
				SWIFT_OPTIMIZATION_LEVEL = "-Onone";
			};
			name = Debug;
		};
		99D2927E255C21D60017B7CC /* Release */ = {
			isa = XCBuildConfiguration;
			buildSettings = {
				ALWAYS_SEARCH_USER_PATHS = NO;
				CLANG_ANALYZER_NONNULL = YES;
				CLANG_ANALYZER_NUMBER_OBJECT_CONVERSION = YES_AGGRESSIVE;
				CLANG_CXX_LANGUAGE_STANDARD = "gnu++14";
				CLANG_CXX_LIBRARY = "libc++";
				CLANG_ENABLE_MODULES = YES;
				CLANG_ENABLE_OBJC_ARC = YES;
				CLANG_ENABLE_OBJC_WEAK = YES;
				CLANG_WARN_BLOCK_CAPTURE_AUTORELEASING = YES;
				CLANG_WARN_BOOL_CONVERSION = YES;
				CLANG_WARN_COMMA = YES;
				CLANG_WARN_CONSTANT_CONVERSION = YES;
				CLANG_WARN_DEPRECATED_OBJC_IMPLEMENTATIONS = YES;
				CLANG_WARN_DIRECT_OBJC_ISA_USAGE = YES_ERROR;
				CLANG_WARN_DOCUMENTATION_COMMENTS = YES;
				CLANG_WARN_EMPTY_BODY = YES;
				CLANG_WARN_ENUM_CONVERSION = YES;
				CLANG_WARN_INFINITE_RECURSION = YES;
				CLANG_WARN_INT_CONVERSION = YES;
				CLANG_WARN_NON_LITERAL_NULL_CONVERSION = YES;
				CLANG_WARN_OBJC_IMPLICIT_RETAIN_SELF = YES;
				CLANG_WARN_OBJC_LITERAL_CONVERSION = YES;
				CLANG_WARN_OBJC_ROOT_CLASS = YES_ERROR;
				CLANG_WARN_QUOTED_INCLUDE_IN_FRAMEWORK_HEADER = YES;
				CLANG_WARN_RANGE_LOOP_ANALYSIS = YES;
				CLANG_WARN_STRICT_PROTOTYPES = YES;
				CLANG_WARN_SUSPICIOUS_MOVE = YES;
				CLANG_WARN_UNGUARDED_AVAILABILITY = YES_AGGRESSIVE;
				CLANG_WARN_UNREACHABLE_CODE = YES;
				CLANG_WARN__DUPLICATE_METHOD_MATCH = YES;
				COPY_PHASE_STRIP = NO;
				DEBUG_INFORMATION_FORMAT = "dwarf-with-dsym";
				ENABLE_NS_ASSERTIONS = NO;
				ENABLE_STRICT_OBJC_MSGSEND = YES;
				GCC_C_LANGUAGE_STANDARD = gnu11;
				GCC_NO_COMMON_BLOCKS = YES;
				GCC_WARN_64_TO_32_BIT_CONVERSION = YES;
				GCC_WARN_ABOUT_RETURN_TYPE = YES_ERROR;
				GCC_WARN_UNDECLARED_SELECTOR = YES;
				GCC_WARN_UNINITIALIZED_AUTOS = YES_AGGRESSIVE;
				GCC_WARN_UNUSED_FUNCTION = YES;
				GCC_WARN_UNUSED_VARIABLE = YES;
				IPHONEOS_DEPLOYMENT_TARGET = 14.1;
				MTL_ENABLE_DEBUG_INFO = NO;
				MTL_FAST_MATH = YES;
				SDKROOT = iphoneos;
				SWIFT_COMPILATION_MODE = wholemodule;
				SWIFT_OPTIMIZATION_LEVEL = "-O";
				VALIDATE_PRODUCT = YES;
			};
			name = Release;
		};
		99D29280255C21D60017B7CC /* Debug */ = {
			isa = XCBuildConfiguration;
			buildSettings = {
				ASSETCATALOG_COMPILER_APPICON_NAME = AppIcon;
				ASSETCATALOG_COMPILER_GLOBAL_ACCENT_COLOR_NAME = AccentColor;
				CODE_SIGN_STYLE = Automatic;
				DEVELOPMENT_ASSET_PATHS = "\"CombineAndSwiftUI/Preview Content\"";
				DEVELOPMENT_TEAM = J29DW6G5ZA;
				ENABLE_PREVIEWS = YES;
				INFOPLIST_FILE = CombineAndSwiftUI/Info.plist;
				LD_RUNPATH_SEARCH_PATHS = (
					"$(inherited)",
					"@executable_path/Frameworks",
				);
				PRODUCT_BUNDLE_IDENTIFIER = com.vickihardy.AppOne.CombineAndSwiftUI;
				PRODUCT_NAME = "$(TARGET_NAME)";
				SWIFT_VERSION = 5.0;
				TARGETED_DEVICE_FAMILY = "1,2";
			};
			name = Debug;
		};
		99D29281255C21D60017B7CC /* Release */ = {
			isa = XCBuildConfiguration;
			buildSettings = {
				ASSETCATALOG_COMPILER_APPICON_NAME = AppIcon;
				ASSETCATALOG_COMPILER_GLOBAL_ACCENT_COLOR_NAME = AccentColor;
				CODE_SIGN_STYLE = Automatic;
				DEVELOPMENT_ASSET_PATHS = "\"CombineAndSwiftUI/Preview Content\"";
				DEVELOPMENT_TEAM = J29DW6G5ZA;
				ENABLE_PREVIEWS = YES;
				INFOPLIST_FILE = CombineAndSwiftUI/Info.plist;
				LD_RUNPATH_SEARCH_PATHS = (
					"$(inherited)",
					"@executable_path/Frameworks",
				);
				PRODUCT_BUNDLE_IDENTIFIER = com.vickihardy.AppOne.CombineAndSwiftUI;
				PRODUCT_NAME = "$(TARGET_NAME)";
				SWIFT_VERSION = 5.0;
				TARGETED_DEVICE_FAMILY = "1,2";
			};
			name = Release;
		};
		99D29283255C21D60017B7CC /* Debug */ = {
			isa = XCBuildConfiguration;
			buildSettings = {
				ALWAYS_EMBED_SWIFT_STANDARD_LIBRARIES = YES;
				BUNDLE_LOADER = "$(TEST_HOST)";
				CODE_SIGN_STYLE = Automatic;
				DEVELOPMENT_TEAM = J29DW6G5ZA;
				INFOPLIST_FILE = CombineAndSwiftUITests/Info.plist;
				IPHONEOS_DEPLOYMENT_TARGET = 14.1;
				LD_RUNPATH_SEARCH_PATHS = (
					"$(inherited)",
					"@executable_path/Frameworks",
					"@loader_path/Frameworks",
				);
				PRODUCT_BUNDLE_IDENTIFIER = com.vickihardy.AppOne.CombineAndSwiftUITests;
				PRODUCT_NAME = "$(TARGET_NAME)";
				SWIFT_VERSION = 5.0;
				TARGETED_DEVICE_FAMILY = "1,2";
				TEST_HOST = "$(BUILT_PRODUCTS_DIR)/CombineAndSwiftUI.app/CombineAndSwiftUI";
			};
			name = Debug;
		};
		99D29284255C21D60017B7CC /* Release */ = {
			isa = XCBuildConfiguration;
			buildSettings = {
				ALWAYS_EMBED_SWIFT_STANDARD_LIBRARIES = YES;
				BUNDLE_LOADER = "$(TEST_HOST)";
				CODE_SIGN_STYLE = Automatic;
				DEVELOPMENT_TEAM = J29DW6G5ZA;
				INFOPLIST_FILE = CombineAndSwiftUITests/Info.plist;
				IPHONEOS_DEPLOYMENT_TARGET = 14.1;
				LD_RUNPATH_SEARCH_PATHS = (
					"$(inherited)",
					"@executable_path/Frameworks",
					"@loader_path/Frameworks",
				);
				PRODUCT_BUNDLE_IDENTIFIER = com.vickihardy.AppOne.CombineAndSwiftUITests;
				PRODUCT_NAME = "$(TARGET_NAME)";
				SWIFT_VERSION = 5.0;
				TARGETED_DEVICE_FAMILY = "1,2";
				TEST_HOST = "$(BUILT_PRODUCTS_DIR)/CombineAndSwiftUI.app/CombineAndSwiftUI";
			};
			name = Release;
		};
		99D29286255C21D60017B7CC /* Debug */ = {
			isa = XCBuildConfiguration;
			buildSettings = {
				ALWAYS_EMBED_SWIFT_STANDARD_LIBRARIES = YES;
				CODE_SIGN_STYLE = Automatic;
				DEVELOPMENT_TEAM = J29DW6G5ZA;
				INFOPLIST_FILE = CombineAndSwiftUIUITests/Info.plist;
				LD_RUNPATH_SEARCH_PATHS = (
					"$(inherited)",
					"@executable_path/Frameworks",
					"@loader_path/Frameworks",
				);
				PRODUCT_BUNDLE_IDENTIFIER = com.vickihardy.AppOne.CombineAndSwiftUIUITests;
				PRODUCT_NAME = "$(TARGET_NAME)";
				SWIFT_VERSION = 5.0;
				TARGETED_DEVICE_FAMILY = "1,2";
				TEST_TARGET_NAME = CombineAndSwiftUI;
			};
			name = Debug;
		};
		99D29287255C21D60017B7CC /* Release */ = {
			isa = XCBuildConfiguration;
			buildSettings = {
				ALWAYS_EMBED_SWIFT_STANDARD_LIBRARIES = YES;
				CODE_SIGN_STYLE = Automatic;
				DEVELOPMENT_TEAM = J29DW6G5ZA;
				INFOPLIST_FILE = CombineAndSwiftUIUITests/Info.plist;
				LD_RUNPATH_SEARCH_PATHS = (
					"$(inherited)",
					"@executable_path/Frameworks",
					"@loader_path/Frameworks",
				);
				PRODUCT_BUNDLE_IDENTIFIER = com.vickihardy.AppOne.CombineAndSwiftUIUITests;
				PRODUCT_NAME = "$(TARGET_NAME)";
				SWIFT_VERSION = 5.0;
				TARGETED_DEVICE_FAMILY = "1,2";
				TEST_TARGET_NAME = CombineAndSwiftUI;
			};
			name = Release;
		};
/* End XCBuildConfiguration section */

/* Begin XCConfigurationList section */
		99D29250255C21D30017B7CC /* Build configuration list for PBXProject "CombineAndSwiftUI" */ = {
			isa = XCConfigurationList;
			buildConfigurations = (
				99D2927D255C21D60017B7CC /* Debug */,
				99D2927E255C21D60017B7CC /* Release */,
			);
			defaultConfigurationIsVisible = 0;
			defaultConfigurationName = Release;
		};
		99D2927F255C21D60017B7CC /* Build configuration list for PBXNativeTarget "CombineAndSwiftUI" */ = {
			isa = XCConfigurationList;
			buildConfigurations = (
				99D29280255C21D60017B7CC /* Debug */,
				99D29281255C21D60017B7CC /* Release */,
			);
			defaultConfigurationIsVisible = 0;
			defaultConfigurationName = Release;
		};
		99D29282255C21D60017B7CC /* Build configuration list for PBXNativeTarget "CombineAndSwiftUITests" */ = {
			isa = XCConfigurationList;
			buildConfigurations = (
				99D29283255C21D60017B7CC /* Debug */,
				99D29284255C21D60017B7CC /* Release */,
			);
			defaultConfigurationIsVisible = 0;
			defaultConfigurationName = Release;
		};
		99D29285255C21D60017B7CC /* Build configuration list for PBXNativeTarget "CombineAndSwiftUIUITests" */ = {
			isa = XCConfigurationList;
			buildConfigurations = (
				99D29286255C21D60017B7CC /* Debug */,
				99D29287255C21D60017B7CC /* Release */,
			);
			defaultConfigurationIsVisible = 0;
			defaultConfigurationName = Release;
		};
/* End XCConfigurationList section */
	};
	rootObject = 99D2924D255C21D30017B7CC /* Project object */;
}
